<Solution>
  <Folder Name="/plugins/">
    <Project Path="plugins/LegitimatePlugin/LegitimatePlugin.csproj" />
    <Project Path="plugins/HardcodedAttackPlugin/HardcodedAttackPlugin.csproj" />
    <Project Path="plugins/TaintedInputPlugin/TaintedInputPlugin.csproj" />
  </Folder>
  <Folder Name="/src/">
    <Project Path="src/AppSecDotnetDemo/AppSecDotnetDemo.csproj" />
  </Folder>
</Solution>
